
Microsoft Visual Studio Solution File, Format Version 12.00
# Visual Studio Version 17
VisualStudioVersion = 17.5.33424.131
MinimumVisualStudioVersion = 10.0.40219.1
Project("{9A19103F-16F7-4668-BE54-9A1E7A4F7556}") = "C#eindopdracht", "C#eindopdracht.csproj", "{BCCE2F86-61D4-4E4A-AA9B-C6092161F994}"
EndProject
Project("{2150E333-8FDC-42A3-9474-1A3956D46DE8}") = "Solution Items", "Solution Items", "{24B06B73-2167-497A-9DB1-718BC69B926B}"
	ProjectSection(SolutionItems) = preProject
		.editorconfig = .editorconfig
	EndProjectSection
EndProject
Global
	GlobalSection(SolutionConfigurationPlatforms) = preSolution
		Debug|Any CPU = Debug|Any CPU
		Release|Any CPU = Release|Any CPU
	EndGlobalSection
	GlobalSection(ProjectConfigurationPlatforms) = postSolution
		{BCCE2F86-61D4-4E4A-AA9B-C6092161F994}.Debug|Any CPU.ActiveCfg = Debug|Any CPU
		{BCCE2F86-61D4-4E4A-AA9B-C6092161F994}.Debug|Any CPU.Build.0 = Debug|Any CPU
		{BCCE2F86-61D4-4E4A-AA9B-C6092161F994}.Release|Any CPU.ActiveCfg = Release|Any CPU
		{BCCE2F86-61D4-4E4A-AA9B-C6092161F994}.Release|Any CPU.Build.0 = Release|Any CPU
	EndGlobalSection
	GlobalSection(SolutionProperties) = preSolution
		HideSolutionNode = FALSE
	EndGlobalSection
	GlobalSection(ExtensibilityGlobals) = postSolution
		SolutionGuid = {913E5B2A-4018-4A5E-9313-F27D212D5B17}
	EndGlobalSection
EndGlobal
